
Microsoft Visual Studio Solution File, Format Version 12.00
# Visual Studio Version 17
VisualStudioVersion = 17.13.35825.156
MinimumVisualStudioVersion = 10.0.40219.1
Project("{8BC9CEB8-8B4A-11D0-8D11-00A0C91BC942}") = "Project1", "Project1\Project1.vcxproj", "{EE9B15FA-62E8-41D3-9D57-D3CCC41A79DC}"
EndProject
Project("{8BC9CEB8-8B4A-11D0-8D11-00A0C91BC942}") = "Project2", "Project2\Project2.vcxproj", "{80B81602-EBB2-4344-AD7E-2119601BB657}"
EndProject
Project("{8BC9CEB8-8B4A-11D0-8D11-00A0C91BC942}") = "Project3", "Project3\Project3.vcxproj", "{B52F0D10-D0BB-4BDC-9E52-FDEC0CA5E16C}"
EndProject
Project("{8BC9CEB8-8B4A-11D0-8D11-00A0C91BC942}") = "Project4", "Project4\Project4.vcxproj", "{C6068D8B-9778-4F2E-ACD6-E9647B545A5B}"
EndProject
Project("{8BC9CEB8-8B4A-11D0-8D11-00A0C91BC942}") = "Project5", "Project5\Project5.vcxproj", "{91590826-7DF1-4588-A01E-BF588D3D1A56}"
EndProject
Project("{8BC9CEB8-8B4A-11D0-8D11-00A0C91BC942}") = "Project6", "Project6\Project6.vcxproj", "{27605909-F3EA-432F-BF60-ADDC741261A2}"
EndProject
Project("{8BC9CEB8-8B4A-11D0-8D11-00A0C91BC942}") = "Project7", "Project7\Project7.vcxproj", "{F9736D28-AB13-4612-80E7-5A358A1694F8}"
EndProject
Global
	GlobalSection(SolutionConfigurationPlatforms) = preSolution
		Debug|x64 = Debug|x64
		Debug|x86 = Debug|x86
		Release|x64 = Release|x64
		Release|x86 = Release|x86
	EndGlobalSection
	GlobalSection(ProjectConfigurationPlatforms) = postSolution
		{EE9B15FA-62E8-41D3-9D57-D3CCC41A79DC}.Debug|x64.ActiveCfg = Debug|x64
		{EE9B15FA-62E8-41D3-9D57-D3CCC41A79DC}.Debug|x64.Build.0 = Debug|x64
		{EE9B15FA-62E8-41D3-9D57-D3CCC41A79DC}.Debug|x86.ActiveCfg = Debug|Win32
		{EE9B15FA-62E8-41D3-9D57-D3CCC41A79DC}.Debug|x86.Build.0 = Debug|Win32
		{EE9B15FA-62E8-41D3-9D57-D3CCC41A79DC}.Release|x64.ActiveCfg = Release|x64
		{EE9B15FA-62E8-41D3-9D57-D3CCC41A79DC}.Release|x64.Build.0 = Release|x64
		{EE9B15FA-62E8-41D3-9D57-D3CCC41A79DC}.Release|x86.ActiveCfg = Release|Win32
		{EE9B15FA-62E8-41D3-9D57-D3CCC41A79DC}.Release|x86.Build.0 = Release|Win32
		{80B81602-EBB2-4344-AD7E-2119601BB657}.Debug|x64.ActiveCfg = Debug|x64
		{80B81602-EBB2-4344-AD7E-2119601BB657}.Debug|x64.Build.0 = Debug|x64
		{80B81602-EBB2-4344-AD7E-2119601BB657}.Debug|x86.ActiveCfg = Debug|Win32
		{80B81602-EBB2-4344-AD7E-2119601BB657}.Debug|x86.Build.0 = Debug|Win32
		{80B81602-EBB2-4344-AD7E-2119601BB657}.Release|x64.ActiveCfg = Release|x64
		{80B81602-EBB2-4344-AD7E-2119601BB657}.Release|x64.Build.0 = Release|x64
		{80B81602-EBB2-4344-AD7E-2119601BB657}.Release|x86.ActiveCfg = Release|Win32
		{80B81602-EBB2-4344-AD7E-2119601BB657}.Release|x86.Build.0 = Release|Win32
		{B52F0D10-D0BB-4BDC-9E52-FDEC0CA5E16C}.Debug|x64.ActiveCfg = Debug|x64
		{B52F0D10-D0BB-4BDC-9E52-FDEC0CA5E16C}.Debug|x64.Build.0 = Debug|x64
		{B52F0D10-D0BB-4BDC-9E52-FDEC0CA5E16C}.Debug|x86.ActiveCfg = Debug|Win32
		{B52F0D10-D0BB-4BDC-9E52-FDEC0CA5E16C}.Debug|x86.Build.0 = Debug|Win32
		{B52F0D10-D0BB-4BDC-9E52-FDEC0CA5E16C}.Release|x64.ActiveCfg = Release|x64
		{B52F0D10-D0BB-4BDC-9E52-FDEC0CA5E16C}.Release|x64.Build.0 = Release|x64
		{B52F0D10-D0BB-4BDC-9E52-FDEC0CA5E16C}.Release|x86.ActiveCfg = Release|Win32
		{B52F0D10-D0BB-4BDC-9E52-FDEC0CA5E16C}.Release|x86.Build.0 = Release|Win32
		{C6068D8B-9778-4F2E-ACD6-E9647B545A5B}.Debug|x64.ActiveCfg = Debug|x64
		{C6068D8B-9778-4F2E-ACD6-E9647B545A5B}.Debug|x64.Build.0 = Debug|x64
		{C6068D8B-9778-4F2E-ACD6-E9647B545A5B}.Debug|x86.ActiveCfg = Debug|Win32
		{C6068D8B-9778-4F2E-ACD6-E9647B545A5B}.Debug|x86.Build.0 = Debug|Win32
		{C6068D8B-9778-4F2E-ACD6-E9647B545A5B}.Release|x64.ActiveCfg = Release|x64
		{C6068D8B-9778-4F2E-ACD6-E9647B545A5B}.Release|x64.Build.0 = Release|x64
		{C6068D8B-9778-4F2E-ACD6-E9647B545A5B}.Release|x86.ActiveCfg = Release|Win32
		{C6068D8B-9778-4F2E-ACD6-E9647B545A5B}.Release|x86.Build.0 = Release|Win32
		{91590826-7DF1-4588-A01E-BF588D3D1A56}.Debug|x64.ActiveCfg = Debug|x64
		{91590826-7DF1-4588-A01E-BF588D3D1A56}.Debug|x64.Build.0 = Debug|x64
		{91590826-7DF1-4588-A01E-BF588D3D1A56}.Debug|x86.ActiveCfg = Debug|Win32
		{91590826-7DF1-4588-A01E-BF588D3D1A56}.Debug|x86.Build.0 = Debug|Win32
		{91590826-7DF1-4588-A01E-BF588D3D1A56}.Release|x64.ActiveCfg = Release|x64
		{91590826-7DF1-4588-A01E-BF588D3D1A56}.Release|x64.Build.0 = Release|x64
		{91590826-7DF1-4588-A01E-BF588D3D1A56}.Release|x86.ActiveCfg = Release|Win32
		{91590826-7DF1-4588-A01E-BF588D3D1A56}.Release|x86.Build.0 = Release|Win32
		{27605909-F3EA-432F-BF60-ADDC741261A2}.Debug|x64.ActiveCfg = Debug|x64
		{27605909-F3EA-432F-BF60-ADDC741261A2}.Debug|x64.Build.0 = Debug|x64
		{27605909-F3EA-432F-BF60-ADDC741261A2}.Debug|x86.ActiveCfg = Debug|Win32
		{27605909-F3EA-432F-BF60-ADDC741261A2}.Debug|x86.Build.0 = Debug|Win32
		{27605909-F3EA-432F-BF60-ADDC741261A2}.Release|x64.ActiveCfg = Release|x64
		{27605909-F3EA-432F-BF60-ADDC741261A2}.Release|x64.Build.0 = Release|x64
		{27605909-F3EA-432F-BF60-ADDC741261A2}.Release|x86.ActiveCfg = Release|Win32
		{27605909-F3EA-432F-BF60-ADDC741261A2}.Release|x86.Build.0 = Release|Win32
		{F9736D28-AB13-4612-80E7-5A358A1694F8}.Debug|x64.ActiveCfg = Debug|x64
		{F9736D28-AB13-4612-80E7-5A358A1694F8}.Debug|x64.Build.0 = Debug|x64
		{F9736D28-AB13-4612-80E7-5A358A1694F8}.Debug|x86.ActiveCfg = Debug|Win32
		{F9736D28-AB13-4612-80E7-5A358A1694F8}.Debug|x86.Build.0 = Debug|Win32
		{F9736D28-AB13-4612-80E7-5A358A1694F8}.Release|x64.ActiveCfg = Release|x64
		{F9736D28-AB13-4612-80E7-5A358A1694F8}.Release|x64.Build.0 = Release|x64
		{F9736D28-AB13-4612-80E7-5A358A1694F8}.Release|x86.ActiveCfg = Release|Win32
		{F9736D28-AB13-4612-80E7-5A358A1694F8}.Release|x86.Build.0 = Release|Win32
	EndGlobalSection
	GlobalSection(SolutionProperties) = preSolution
		HideSolutionNode = FALSE
	EndGlobalSection
	GlobalSection(ExtensibilityGlobals) = postSolution
		SolutionGuid = {050FD42E-2CCC-4E9E-B005-D29C9C79DB68}
	EndGlobalSection
EndGlobal
